
Microsoft Visual Studio Solution File, Format Version 12.00
# Visual Studio Version 16
VisualStudioVersion = 16.0.29613.14
MinimumVisualStudioVersion = 10.0.40219.1
Project("{FAE04EC0-301F-11D3-BF4B-00C04F79EFBC}") = "PalindromeNumber", "PalindromeNumber\PalindromeNumber.csproj", "{04072D79-F513-4803-99B0-9D31B1DF74EC}"
EndProject
Global
	GlobalSection(SolutionConfigurationPlatforms) = preSolution
		Debug|Any CPU = Debug|Any CPU
		Release|Any CPU = Release|Any CPU
	EndGlobalSection
	GlobalSection(ProjectConfigurationPlatforms) = postSolution
		{04072D79-F513-4803-99B0-9D31B1DF74EC}.Debug|Any CPU.ActiveCfg = Debug|Any CPU
		{04072D79-F513-4803-99B0-9D31B1DF74EC}.Debug|Any CPU.Build.0 = Debug|Any CPU
		{04072D79-F513-4803-99B0-9D31B1DF74EC}.Release|Any CPU.ActiveCfg = Release|Any CPU
		{04072D79-F513-4803-99B0-9D31B1DF74EC}.Release|Any CPU.Build.0 = Release|Any CPU
	EndGlobalSection
	GlobalSection(SolutionProperties) = preSolution
		HideSolutionNode = FALSE
	EndGlobalSection
	GlobalSection(ExtensibilityGlobals) = postSolution
		SolutionGuid = {1DFE7076-EE96-4F7B-B3B9-A2EEE72B3BB0}
	EndGlobalSection
EndGlobal
